
Microsoft Visual Studio Solution File, Format Version 12.00
# Visual Studio Version 17
VisualStudioVersion = 17.12.35527.113 d17.12
MinimumVisualStudioVersion = 10.0.40219.1
Project("{FAE04EC0-301F-11D3-BF4B-00C04F79EFBC}") = "24_12_30_text_output", "24_12_30_text_output\24_12_30_text_output.csproj", "{473BACBA-CC9B-4B0B-ADDD-940BB675B5CF}"
EndProject
Global
	GlobalSection(SolutionConfigurationPlatforms) = preSolution
		Debug|Any CPU = Debug|Any CPU
		Release|Any CPU = Release|Any CPU
	EndGlobalSection
	GlobalSection(ProjectConfigurationPlatforms) = postSolution
		{473BACBA-CC9B-4B0B-ADDD-940BB675B5CF}.Debug|Any CPU.ActiveCfg = Debug|Any CPU
		{473BACBA-CC9B-4B0B-ADDD-940BB675B5CF}.Debug|Any CPU.Build.0 = Debug|Any CPU
		{473BACBA-CC9B-4B0B-ADDD-940BB675B5CF}.Release|Any CPU.ActiveCfg = Release|Any CPU
		{473BACBA-CC9B-4B0B-ADDD-940BB675B5CF}.Release|Any CPU.Build.0 = Release|Any CPU
	EndGlobalSection
	GlobalSection(SolutionProperties) = preSolution
		HideSolutionNode = FALSE
	EndGlobalSection
EndGlobal
