
Microsoft Visual Studio Solution File, Format Version 12.00
# Visual Studio Version 17
VisualStudioVersion = 17.11.35327.3
MinimumVisualStudioVersion = 10.0.40219.1
Project("{FAE04EC0-301F-11D3-BF4B-00C04F79EFBC}") = "25_09_11_try_catch_finally", "25_09_11_try_catch_finally\25_09_11_try_catch_finally.csproj", "{67D92041-093E-4CC0-8FBE-CD29614C636D}"
EndProject
Global
	GlobalSection(SolutionConfigurationPlatforms) = preSolution
		Debug|Any CPU = Debug|Any CPU
		Release|Any CPU = Release|Any CPU
	EndGlobalSection
	GlobalSection(ProjectConfigurationPlatforms) = postSolution
		{67D92041-093E-4CC0-8FBE-CD29614C636D}.Debug|Any CPU.ActiveCfg = Debug|Any CPU
		{67D92041-093E-4CC0-8FBE-CD29614C636D}.Debug|Any CPU.Build.0 = Debug|Any CPU
		{67D92041-093E-4CC0-8FBE-CD29614C636D}.Release|Any CPU.ActiveCfg = Release|Any CPU
		{67D92041-093E-4CC0-8FBE-CD29614C636D}.Release|Any CPU.Build.0 = Release|Any CPU
	EndGlobalSection
	GlobalSection(SolutionProperties) = preSolution
		HideSolutionNode = FALSE
	EndGlobalSection
	GlobalSection(ExtensibilityGlobals) = postSolution
		SolutionGuid = {68305EEF-1B3D-48C0-A2F0-F80E92966853}
	EndGlobalSection
EndGlobal
