
Microsoft Visual Studio Solution File, Format Version 12.00
# Visual Studio Version 17
VisualStudioVersion = 17.11.35327.3
MinimumVisualStudioVersion = 10.0.40219.1
Project("{FAE04EC0-301F-11D3-BF4B-00C04F79EFBC}") = "25_02_04_foreach", "25_02_04_foreach\25_02_04_foreach.csproj", "{FFE93B5F-ED3F-4A05-9681-B27DC8E66783}"
EndProject
Global
	GlobalSection(SolutionConfigurationPlatforms) = preSolution
		Debug|Any CPU = Debug|Any CPU
		Release|Any CPU = Release|Any CPU
	EndGlobalSection
	GlobalSection(ProjectConfigurationPlatforms) = postSolution
		{FFE93B5F-ED3F-4A05-9681-B27DC8E66783}.Debug|Any CPU.ActiveCfg = Debug|Any CPU
		{FFE93B5F-ED3F-4A05-9681-B27DC8E66783}.Debug|Any CPU.Build.0 = Debug|Any CPU
		{FFE93B5F-ED3F-4A05-9681-B27DC8E66783}.Release|Any CPU.ActiveCfg = Release|Any CPU
		{FFE93B5F-ED3F-4A05-9681-B27DC8E66783}.Release|Any CPU.Build.0 = Release|Any CPU
	EndGlobalSection
	GlobalSection(SolutionProperties) = preSolution
		HideSolutionNode = FALSE
	EndGlobalSection
	GlobalSection(ExtensibilityGlobals) = postSolution
		SolutionGuid = {11D87884-CAD2-434B-B050-15DB1B28761C}
	EndGlobalSection
EndGlobal
