
Microsoft Visual Studio Solution File, Format Version 12.00
# Visual Studio Version 17
VisualStudioVersion = 17.11.35327.3
MinimumVisualStudioVersion = 10.0.40219.1
Project("{FAE04EC0-301F-11D3-BF4B-00C04F79EFBC}") = "25_10_11_bitwise-operators", "25_10_11_bitwise-operators\25_10_11_bitwise-operators.csproj", "{90BB8D56-8D48-4D48-B51E-868D5A102301}"
EndProject
Global
	GlobalSection(SolutionConfigurationPlatforms) = preSolution
		Debug|Any CPU = Debug|Any CPU
		Release|Any CPU = Release|Any CPU
	EndGlobalSection
	GlobalSection(ProjectConfigurationPlatforms) = postSolution
		{90BB8D56-8D48-4D48-B51E-868D5A102301}.Debug|Any CPU.ActiveCfg = Debug|Any CPU
		{90BB8D56-8D48-4D48-B51E-868D5A102301}.Debug|Any CPU.Build.0 = Debug|Any CPU
		{90BB8D56-8D48-4D48-B51E-868D5A102301}.Release|Any CPU.ActiveCfg = Release|Any CPU
		{90BB8D56-8D48-4D48-B51E-868D5A102301}.Release|Any CPU.Build.0 = Release|Any CPU
	EndGlobalSection
	GlobalSection(SolutionProperties) = preSolution
		HideSolutionNode = FALSE
	EndGlobalSection
	GlobalSection(ExtensibilityGlobals) = postSolution
		SolutionGuid = {BA585287-3C92-4098-B269-8F0F97CDB5AE}
	EndGlobalSection
EndGlobal
