
Microsoft Visual Studio Solution File, Format Version 12.00
# Visual Studio Version 17
VisualStudioVersion = 17.11.35327.3
MinimumVisualStudioVersion = 10.0.40219.1
Project("{FAE04EC0-301F-11D3-BF4B-00C04F79EFBC}") = "25_05_03_array", "25_05_03_array\25_05_03_array.csproj", "{086D0FCD-B3E0-4270-A96C-32339FD6F189}"
EndProject
Global
	GlobalSection(SolutionConfigurationPlatforms) = preSolution
		Debug|Any CPU = Debug|Any CPU
		Release|Any CPU = Release|Any CPU
	EndGlobalSection
	GlobalSection(ProjectConfigurationPlatforms) = postSolution
		{086D0FCD-B3E0-4270-A96C-32339FD6F189}.Debug|Any CPU.ActiveCfg = Debug|Any CPU
		{086D0FCD-B3E0-4270-A96C-32339FD6F189}.Debug|Any CPU.Build.0 = Debug|Any CPU
		{086D0FCD-B3E0-4270-A96C-32339FD6F189}.Release|Any CPU.ActiveCfg = Release|Any CPU
		{086D0FCD-B3E0-4270-A96C-32339FD6F189}.Release|Any CPU.Build.0 = Release|Any CPU
	EndGlobalSection
	GlobalSection(SolutionProperties) = preSolution
		HideSolutionNode = FALSE
	EndGlobalSection
	GlobalSection(ExtensibilityGlobals) = postSolution
		SolutionGuid = {489FD6FA-21A7-4E13-A10F-A7D998EE72E6}
	EndGlobalSection
EndGlobal
